
Microsoft Visual Studio Solution File, Format Version 12.00
# Visual Studio Version 17
VisualStudioVersion = 17.2.32616.157
MinimumVisualStudioVersion = 10.0.40219.1
Project("{2150E333-8FDC-42A3-9474-1A3956D46DE8}") = "src", "src", "{9CF0EB37-A229-47A3-BF64-7FA74F9256BF}"
EndProject
Project("{2150E333-8FDC-42A3-9474-1A3956D46DE8}") = "Solution Items", "Solution Items", "{2EF85EC1-22C4-46F1-91D4-95AD9DA0967E}"
	ProjectSection(SolutionItems) = preProject
		README.md = README.md
	EndProjectSection
EndProject
Project("{9A19103F-16F7-4668-BE54-9A1E7A4F7556}") = "Library", "src\Library\Library.csproj", "{B83D2BF6-D1DB-440C-9086-544B0AB62DFB}"
EndProject
Project("{9A19103F-16F7-4668-BE54-9A1E7A4F7556}") = "ConsoleApp", "src\ConsoleApp\ConsoleApp.csproj", "{08528302-49F5-47E2-B373-0C7D20E858B6}"
EndProject
Global
	GlobalSection(SolutionConfigurationPlatforms) = preSolution
		Debug|Any CPU = Debug|Any CPU
		Release|Any CPU = Release|Any CPU
	EndGlobalSection
	GlobalSection(ProjectConfigurationPlatforms) = postSolution
		{B83D2BF6-D1DB-440C-9086-544B0AB62DFB}.Debug|Any CPU.ActiveCfg = Debug|Any CPU
		{B83D2BF6-D1DB-440C-9086-544B0AB62DFB}.Debug|Any CPU.Build.0 = Debug|Any CPU
		{B83D2BF6-D1DB-440C-9086-544B0AB62DFB}.Release|Any CPU.ActiveCfg = Release|Any CPU
		{B83D2BF6-D1DB-440C-9086-544B0AB62DFB}.Release|Any CPU.Build.0 = Release|Any CPU
		{08528302-49F5-47E2-B373-0C7D20E858B6}.Debug|Any CPU.ActiveCfg = Debug|Any CPU
		{08528302-49F5-47E2-B373-0C7D20E858B6}.Debug|Any CPU.Build.0 = Debug|Any CPU
		{08528302-49F5-47E2-B373-0C7D20E858B6}.Release|Any CPU.ActiveCfg = Release|Any CPU
		{08528302-49F5-47E2-B373-0C7D20E858B6}.Release|Any CPU.Build.0 = Release|Any CPU
	EndGlobalSection
	GlobalSection(SolutionProperties) = preSolution
		HideSolutionNode = FALSE
	EndGlobalSection
	GlobalSection(NestedProjects) = preSolution
		{B83D2BF6-D1DB-440C-9086-544B0AB62DFB} = {9CF0EB37-A229-47A3-BF64-7FA74F9256BF}
		{08528302-49F5-47E2-B373-0C7D20E858B6} = {9CF0EB37-A229-47A3-BF64-7FA74F9256BF}
	EndGlobalSection
	GlobalSection(ExtensibilityGlobals) = postSolution
		SolutionGuid = {3D53B9D4-428B-4328-8353-5CF9A95513BB}
	EndGlobalSection
EndGlobal
